
Microsoft Visual Studio Solution File, Format Version 12.00
# Visual Studio Version 17
VisualStudioVersion = 17.8.34330.188
MinimumVisualStudioVersion = 10.0.40219.1
Project("{FAE04EC0-301F-11D3-BF4B-00C04F79EFBC}") = "BackDoorClient", "BackDoorClient.csproj", "{4B3A580B-0604-4BF6-B57D-313E2DBEBCEB}"
EndProject
Global
	GlobalSection(SolutionConfigurationPlatforms) = preSolution
		Debug|Any CPU = Debug|Any CPU
		Release|Any CPU = Release|Any CPU
	EndGlobalSection
	GlobalSection(ProjectConfigurationPlatforms) = postSolution
		{4B3A580B-0604-4BF6-B57D-313E2DBEBCEB}.Debug|Any CPU.ActiveCfg = Debug|Any CPU
		{4B3A580B-0604-4BF6-B57D-313E2DBEBCEB}.Debug|Any CPU.Build.0 = Debug|Any CPU
		{4B3A580B-0604-4BF6-B57D-313E2DBEBCEB}.Release|Any CPU.ActiveCfg = Release|Any CPU
		{4B3A580B-0604-4BF6-B57D-313E2DBEBCEB}.Release|Any CPU.Build.0 = Release|Any CPU
	EndGlobalSection
	GlobalSection(SolutionProperties) = preSolution
		HideSolutionNode = FALSE
	EndGlobalSection
	GlobalSection(ExtensibilityGlobals) = postSolution
		SolutionGuid = {0867E2BA-75B3-4329-B5AA-777C9D32F4FE}
	EndGlobalSection
EndGlobal
